# THIS IS AN AUTOGENERATED FILE. DO NOT EDIT THIS FILE DIRECTLY.
# yarn lockfile v1


"@aws-cdk/assets@^1.2.0":
  version "1.2.0"
  resolved "https://registry.yarnpkg.com/@aws-cdk/assets/-/assets-1.2.0.tgz#e577227d8de0a4f28cf6b2fd21f850f165be832f"
  dependencies:
    "@aws-cdk/core" "^1.2.0"
    "@aws-cdk/cx-api" "^1.2.0"
    minimatch "^3.0.4"

"@aws-cdk/aws-certificatemanager@^1.2.0":
  version "1.2.0"
  resolved "https://registry.yarnpkg.com/@aws-cdk/aws-certificatemanager/-/aws-certificatemanager-1.2.0.tgz#aafe76e666e7a7b84bcadb1473e840b1bf04f8a3"
  dependencies:
    "@aws-cdk/aws-cloudformation" "^1.2.0"
    "@aws-cdk/aws-iam" "^1.2.0"
    "@aws-cdk/aws-lambda" "^1.2.0"
    "@aws-cdk/aws-route53" "^1.2.0"
    "@aws-cdk/core" "^1.2.0"

"@aws-cdk/aws-cloudformation@^1.2.0":
  version "1.2.0"
  resolved "https://registry.yarnpkg.com/@aws-cdk/aws-cloudformation/-/aws-cloudformation-1.2.0.tgz#bd04903baeba3d9a6f23761d96d742499ce3bf0b"
  dependencies:
    "@aws-cdk/aws-iam" "^1.2.0"
    "@aws-cdk/aws-lambda" "^1.2.0"
    "@aws-cdk/aws-sns" "^1.2.0"
    "@aws-cdk/core" "^1.2.0"

"@aws-cdk/aws-cloudfront@^1.2.0":
  version "1.2.0"
  resolved "https://registry.yarnpkg.com/@aws-cdk/aws-cloudfront/-/aws-cloudfront-1.2.0.tgz#8501cbdc9375518136d6ae4f6c0614c04629c3f3"
  dependencies:
    "@aws-cdk/aws-certificatemanager" "^1.2.0"
    "@aws-cdk/aws-iam" "^1.2.0"
    "@aws-cdk/aws-kms" "^1.2.0"
    "@aws-cdk/aws-lambda" "^1.2.0"
    "@aws-cdk/aws-s3" "^1.2.0"
    "@aws-cdk/core" "^1.2.0"

"@aws-cdk/aws-cloudwatch@^1.2.0":
  version "1.2.0"
  resolved "https://registry.yarnpkg.com/@aws-cdk/aws-cloudwatch/-/aws-cloudwatch-1.2.0.tgz#cdf353446beed49c6cb025e380e31e22bf574ff8"
  dependencies:
    "@aws-cdk/aws-iam" "^1.2.0"
    "@aws-cdk/core" "^1.2.0"

"@aws-cdk/aws-ec2@^1.2.0":
  version "1.2.0"
  resolved "https://registry.yarnpkg.com/@aws-cdk/aws-ec2/-/aws-ec2-1.2.0.tgz#cf6e51294a6770745c036a6a9dac26fe0b037ec6"
  dependencies:
    "@aws-cdk/aws-cloudwatch" "^1.2.0"
    "@aws-cdk/aws-iam" "^1.2.0"
    "@aws-cdk/aws-ssm" "^1.2.0"
    "@aws-cdk/core" "^1.2.0"
    "@aws-cdk/cx-api" "^1.2.0"

"@aws-cdk/aws-events@^1.2.0":
  version "1.2.0"
  resolved "https://registry.yarnpkg.com/@aws-cdk/aws-events/-/aws-events-1.2.0.tgz#4c8848e2f4c8a8aab64c2b3e771b6de070c48d39"
  dependencies:
    "@aws-cdk/aws-iam" "^1.2.0"
    "@aws-cdk/core" "^1.2.0"

"@aws-cdk/aws-iam@^1.2.0":
  version "1.2.0"
  resolved "https://registry.yarnpkg.com/@aws-cdk/aws-iam/-/aws-iam-1.2.0.tgz#b298003ba00f5cfebf1f0a4ce09b839aa3996f8a"
  dependencies:
    "@aws-cdk/core" "^1.2.0"
    "@aws-cdk/region-info" "^1.2.0"

"@aws-cdk/aws-kms@^1.2.0":
  version "1.2.0"
  resolved "https://registry.yarnpkg.com/@aws-cdk/aws-kms/-/aws-kms-1.2.0.tgz#822b519b5549410b2f9fea202adaed278345e38e"
  dependencies:
    "@aws-cdk/aws-iam" "^1.2.0"
    "@aws-cdk/core" "^1.2.0"

"@aws-cdk/aws-lambda@^1.2.0":
  version "1.2.0"
  resolved "https://registry.yarnpkg.com/@aws-cdk/aws-lambda/-/aws-lambda-1.2.0.tgz#54dc824837830925140e54e25331611293ef4352"
  dependencies:
    "@aws-cdk/aws-cloudwatch" "^1.2.0"
    "@aws-cdk/aws-ec2" "^1.2.0"
    "@aws-cdk/aws-events" "^1.2.0"
    "@aws-cdk/aws-iam" "^1.2.0"
    "@aws-cdk/aws-logs" "^1.2.0"
    "@aws-cdk/aws-s3" "^1.2.0"
    "@aws-cdk/aws-s3-assets" "^1.2.0"
    "@aws-cdk/aws-sqs" "^1.2.0"
    "@aws-cdk/core" "^1.2.0"
    "@aws-cdk/cx-api" "^1.2.0"

"@aws-cdk/aws-logs@^1.2.0":
  version "1.2.0"
  resolved "https://registry.yarnpkg.com/@aws-cdk/aws-logs/-/aws-logs-1.2.0.tgz#e324bd7e0ccd5bd9e723512f0bd7b39b772a86a1"
  dependencies:
    "@aws-cdk/aws-cloudwatch" "^1.2.0"
    "@aws-cdk/aws-iam" "^1.2.0"
    "@aws-cdk/core" "^1.2.0"

"@aws-cdk/aws-route53@^1.2.0":
  version "1.2.0"
  resolved "https://registry.yarnpkg.com/@aws-cdk/aws-route53/-/aws-route53-1.2.0.tgz#45927944d600411a3325d7dcdb73c4ae64eb8367"
  dependencies:
    "@aws-cdk/aws-ec2" "^1.2.0"
    "@aws-cdk/aws-logs" "^1.2.0"
    "@aws-cdk/core" "^1.2.0"
    "@aws-cdk/cx-api" "^1.2.0"

"@aws-cdk/aws-s3-assets@^1.2.0":
  version "1.2.0"
  resolved "https://registry.yarnpkg.com/@aws-cdk/aws-s3-assets/-/aws-s3-assets-1.2.0.tgz#6acbdd47ea25cc5bda1361662c52b13a2b3fc0f2"
  dependencies:
    "@aws-cdk/assets" "^1.2.0"
    "@aws-cdk/aws-iam" "^1.2.0"
    "@aws-cdk/aws-s3" "^1.2.0"
    "@aws-cdk/core" "^1.2.0"
    "@aws-cdk/cx-api" "^1.2.0"

"@aws-cdk/aws-s3-deployment@^1.2.0":
  version "1.2.0"
  resolved "https://registry.yarnpkg.com/@aws-cdk/aws-s3-deployment/-/aws-s3-deployment-1.2.0.tgz#16421b2b63e52e2ccf82972da256bcde3b5122a6"
  dependencies:
    "@aws-cdk/aws-cloudformation" "^1.2.0"
    "@aws-cdk/aws-iam" "^1.2.0"
    "@aws-cdk/aws-lambda" "^1.2.0"
    "@aws-cdk/aws-s3" "^1.2.0"
    "@aws-cdk/aws-s3-assets" "^1.2.0"
    "@aws-cdk/core" "^1.2.0"

"@aws-cdk/aws-s3@^1.2.0":
  version "1.2.0"
  resolved "https://registry.yarnpkg.com/@aws-cdk/aws-s3/-/aws-s3-1.2.0.tgz#e47a30af8d69050ddc33d4f001bd96137b782bff"
  dependencies:
    "@aws-cdk/aws-events" "^1.2.0"
    "@aws-cdk/aws-iam" "^1.2.0"
    "@aws-cdk/aws-kms" "^1.2.0"
    "@aws-cdk/core" "^1.2.0"

"@aws-cdk/aws-sns@^1.2.0":
  version "1.2.0"
  resolved "https://registry.yarnpkg.com/@aws-cdk/aws-sns/-/aws-sns-1.2.0.tgz#4fd07f76ef37e2696f031b730ea9f12743c9dfcd"
  dependencies:
    "@aws-cdk/aws-cloudwatch" "^1.2.0"
    "@aws-cdk/aws-events" "^1.2.0"
    "@aws-cdk/aws-iam" "^1.2.0"
    "@aws-cdk/core" "^1.2.0"

"@aws-cdk/aws-sqs@^1.2.0":
  version "1.2.0"
  resolved "https://registry.yarnpkg.com/@aws-cdk/aws-sqs/-/aws-sqs-1.2.0.tgz#9767b6ad167464c577e7d6847d48747888760a36"
  dependencies:
    "@aws-cdk/aws-cloudwatch" "^1.2.0"
    "@aws-cdk/aws-iam" "^1.2.0"
    "@aws-cdk/aws-kms" "^1.2.0"
    "@aws-cdk/core" "^1.2.0"

"@aws-cdk/aws-ssm@^1.2.0":
  version "1.2.0"
  resolved "https://registry.yarnpkg.com/@aws-cdk/aws-ssm/-/aws-ssm-1.2.0.tgz#e94f2a322bccc75edafa9ef90b11e2925c866f86"
  dependencies:
    "@aws-cdk/aws-iam" "^1.2.0"
    "@aws-cdk/core" "^1.2.0"
    "@aws-cdk/cx-api" "^1.2.0"

"@aws-cdk/core@^1.2.0":
  version "1.2.0"
  resolved "https://registry.yarnpkg.com/@aws-cdk/core/-/core-1.2.0.tgz#b15d0b1c5bb2d525af04b1e169351db88ca3adb8"
  dependencies:
    "@aws-cdk/cx-api" "^1.2.0"

"@aws-cdk/cx-api@^1.2.0":
  version "1.2.0"
  resolved "https://registry.yarnpkg.com/@aws-cdk/cx-api/-/cx-api-1.2.0.tgz#f54c83fbe6c753576a57a0193e6c5b0427a7f307"
  dependencies:
    semver "^6.1.1"

"@aws-cdk/region-info@^1.2.0":
  version "1.2.0"
  resolved "https://registry.yarnpkg.com/@aws-cdk/region-info/-/region-info-1.2.0.tgz#74773fc2de12379812553f1c061c538bb609071f"

"@types/node@^12.6.8":
  version "12.6.8"
  resolved "https://registry.yarnpkg.com/@types/node/-/node-12.6.8.tgz#e469b4bf9d1c9832aee4907ba8a051494357c12c"

"@types/semver@^6.0.1":
  version "6.0.1"
  resolved "https://registry.yarnpkg.com/@types/semver/-/semver-6.0.1.tgz#a984b405c702fa5a7ec6abc56b37f2ba35ef5af6"

aws-cdk-static-website@^1.0.22:
  version "1.0.22"
  resolved "https://registry.yarnpkg.com/aws-cdk-static-website/-/aws-cdk-static-website-1.0.22.tgz#10ad9930d41899af696a4733f41a4ebc916f9d4c"
  dependencies:
    "@aws-cdk/aws-cloudfront" "^1.2.0"
    "@aws-cdk/aws-iam" "^1.2.0"
    "@aws-cdk/aws-s3" "^1.2.0"
    "@aws-cdk/aws-s3-deployment" "^1.2.0"
    "@aws-cdk/core" "^1.2.0"
    "@types/semver" "^6.0.1"
    semver "^6.3.0"

balanced-match@^1.0.0:
  version "1.0.0"
  resolved "https://registry.yarnpkg.com/balanced-match/-/balanced-match-1.0.0.tgz#89b4d199ab2bee49de164ea02b89ce462d71b767"

brace-expansion@^1.1.7:
  version "1.1.11"
  resolved "https://registry.yarnpkg.com/brace-expansion/-/brace-expansion-1.1.11.tgz#3c7fcbf529d87226f3d2f52b966ff5271eb441dd"
  dependencies:
    balanced-match "^1.0.0"
    concat-map "0.0.1"

commander@^2.20.0:
  version "2.20.0"
  resolved "https://registry.yarnpkg.com/commander/-/commander-2.20.0.tgz#d58bb2b5c1ee8f87b0d340027e9e94e222c5a422"

concat-map@0.0.1:
  version "0.0.1"
  resolved "https://registry.yarnpkg.com/concat-map/-/concat-map-0.0.1.tgz#d8a96bd77fd68df7793a73036a3ba0d5405d477b"

minimatch@^3.0.4:
  version "3.0.4"
  resolved "https://registry.yarnpkg.com/minimatch/-/minimatch-3.0.4.tgz#5166e286457f03306064be5497e8dbb0c3d32083"
  dependencies:
    brace-expansion "^1.1.7"

semver@^6.1.1, semver@^6.3.0:
  version "6.3.0"
  resolved "https://registry.yarnpkg.com/semver/-/semver-6.3.0.tgz#ee0a64c8af5e8ceea67687b133761e1becbd1d3d"
